{
  "name": "express-fast-ip",
  "version": "0.1.1",
  "lockfileVersion": 1,
  "requires": true,
  "dependencies": {
    "@fullerstack/nax-ipware": {
      "version": "0.0.9",
      "resolved": "https://registry.npmjs.org/@fullerstack/nax-ipware/-/nax-ipware-0.0.9.tgz",
      "integrity": "sha512-xKKzzx1R3D1SLAL3z71uks04h/nCDxJHTNPLdUW5sBBTeo3/A0Tg7r3NIPohTGC1UIC4FoXfDZq8uviNePBzQA==",
      "requires": {
        "ts-essentials": "^7.0.2",
        "tslib": "^2.0.0"
      }
    },
    "@types/node": {
      "version": "16.11.11",
      "resolved": "https://registry.npmjs.org/@types/node/-/node-16.11.11.tgz",
      "integrity": "sha512-KB0sixD67CeecHC33MYn+eYARkqTheIRNuu97y2XMjR7Wu3XibO1vaY6VBV6O/a89SPI81cEUIYT87UqUWlZNw==",
      "dev": true
    },
    "fast-geoip": {
      "version": "1.1.47",
      "resolved": "https://registry.npmjs.org/fast-geoip/-/fast-geoip-1.1.47.tgz",
      "integrity": "sha512-4RESyqcdmOkvz4mvyiPPQ9Mb+bDeYuB14a4f/MNE/+cgmr3Vmr8a1vxbie/VbHXYqpW8zfqL5w8qyWUrKJUXYA=="
    },
    "ts-essentials": {
      "version": "7.0.3",
      "resolved": "https://registry.npmjs.org/ts-essentials/-/ts-essentials-7.0.3.tgz",
      "integrity": "sha512-8+gr5+lqO3G84KdiTSMRLtuyJ+nTBVRKuCrK4lidMPdVeEp0uqC875uE5NMcaA7YYMN7XsNiFQuMvasF8HT/xQ=="
    },
    "tslib": {
      "version": "2.3.1",
      "resolved": "https://registry.npmjs.org/tslib/-/tslib-2.3.1.tgz",
      "integrity": "sha512-77EbyPPpMz+FRFRuAFlWMtmgUWGe9UOG2Z25NqCwiIjRhOf5iKGuzSe5P2w1laq+FkRy4p+PCuVkJSGkzTEKVw=="
    },
    "typescript": {
      "version": "4.5.2",
      "resolved": "https://registry.npmjs.org/typescript/-/typescript-4.5.2.tgz",
      "integrity": "sha512-5BlMof9H1yGt0P8/WF+wPNw6GfctgGjXp5hkblpyT+8rkASSmkUKMXrxR0Xg8ThVCi/JnHQiKXeBaEwCeQwMFw==",
      "dev": true
    }
  }
}
